
Microsoft Visual Studio Solution File, Format Version 12.00
Project("{FAE04EC0-301F-11D3-BF4B-00C04F79EFBC}") = "APBD9", "APBD9\APBD9.csproj", "{DE1A8737-F5B5-4589-9C72-C114C4E67F1A}"
EndProject
Global
	GlobalSection(SolutionConfigurationPlatforms) = preSolution
		Debug|Any CPU = Debug|Any CPU
		Release|Any CPU = Release|Any CPU
	EndGlobalSection
	GlobalSection(ProjectConfigurationPlatforms) = postSolution
		{DE1A8737-F5B5-4589-9C72-C114C4E67F1A}.Debug|Any CPU.ActiveCfg = Debug|Any CPU
		{DE1A8737-F5B5-4589-9C72-C114C4E67F1A}.Debug|Any CPU.Build.0 = Debug|Any CPU
		{DE1A8737-F5B5-4589-9C72-C114C4E67F1A}.Release|Any CPU.ActiveCfg = Release|Any CPU
		{DE1A8737-F5B5-4589-9C72-C114C4E67F1A}.Release|Any CPU.Build.0 = Release|Any CPU
	EndGlobalSection
EndGlobal
